
Microsoft Visual Studio Solution File, Format Version 12.00
# Visual Studio Version 16
VisualStudioVersion = 16.0.31321.278
MinimumVisualStudioVersion = 10.0.40219.1
Project("{FAE04EC0-301F-11D3-BF4B-00C04F79EFBC}") = "ConsoleApp1", "ConsoleApp1\ConsoleApp1.csproj", "{F36D2084-B32A-4B47-B40D-A67597F9252E}"
EndProject
Global
	GlobalSection(SolutionConfigurationPlatforms) = preSolution
		Debug|Any CPU = Debug|Any CPU
		Release|Any CPU = Release|Any CPU
	EndGlobalSection
	GlobalSection(ProjectConfigurationPlatforms) = postSolution
		{F36D2084-B32A-4B47-B40D-A67597F9252E}.Debug|Any CPU.ActiveCfg = Debug|Any CPU
		{F36D2084-B32A-4B47-B40D-A67597F9252E}.Debug|Any CPU.Build.0 = Debug|Any CPU
		{F36D2084-B32A-4B47-B40D-A67597F9252E}.Release|Any CPU.ActiveCfg = Release|Any CPU
		{F36D2084-B32A-4B47-B40D-A67597F9252E}.Release|Any CPU.Build.0 = Release|Any CPU
	EndGlobalSection
	GlobalSection(SolutionProperties) = preSolution
		HideSolutionNode = FALSE
	EndGlobalSection
	GlobalSection(ExtensibilityGlobals) = postSolution
		SolutionGuid = {17DFAAC2-ED99-42E3-949E-58FD579E545B}
	EndGlobalSection
EndGlobal
